
Microsoft Visual Studio Solution File, Format Version 12.00
# Visual Studio Version 17
VisualStudioVersion = 17.9.34622.214
MinimumVisualStudioVersion = 10.0.40219.1
Project("{FAE04EC0-301F-11D3-BF4B-00C04F79EFBC}") = "Currencies_API", "Currencies_API.csproj", "{0227C56B-901D-4EAC-B41E-63BE53C861C3}"
EndProject
Global
	GlobalSection(SolutionConfigurationPlatforms) = preSolution
		Debug|Any CPU = Debug|Any CPU
		Release|Any CPU = Release|Any CPU
	EndGlobalSection
	GlobalSection(ProjectConfigurationPlatforms) = postSolution
		{0227C56B-901D-4EAC-B41E-63BE53C861C3}.Debug|Any CPU.ActiveCfg = Debug|Any CPU
		{0227C56B-901D-4EAC-B41E-63BE53C861C3}.Debug|Any CPU.Build.0 = Debug|Any CPU
		{0227C56B-901D-4EAC-B41E-63BE53C861C3}.Release|Any CPU.ActiveCfg = Release|Any CPU
		{0227C56B-901D-4EAC-B41E-63BE53C861C3}.Release|Any CPU.Build.0 = Release|Any CPU
	EndGlobalSection
	GlobalSection(SolutionProperties) = preSolution
		HideSolutionNode = FALSE
	EndGlobalSection
	GlobalSection(ExtensibilityGlobals) = postSolution
		SolutionGuid = {D55015B4-BA2E-4DFB-84FD-0B2F3B7F5BCA}
	EndGlobalSection
EndGlobal
