
Microsoft Visual Studio Solution File, Format Version 12.00
# Visual Studio Version 17
VisualStudioVersion = 17.9.34622.214
MinimumVisualStudioVersion = 10.0.40219.1
Project("{9A19103F-16F7-4668-BE54-9A1E7A4F7556}") = "Problem_plecakowy", "Problem_plecakowy\Problem_plecakowy.csproj", "{8BDEF772-3C52-43EB-BBD4-17B09334870B}"
EndProject
Project("{FAE04EC0-301F-11D3-BF4B-00C04F79EFBC}") = "Testy", "Testy\Testy.csproj", "{297B71AC-9329-4666-8497-C60355671A39}"
EndProject
Project("{FAE04EC0-301F-11D3-BF4B-00C04F79EFBC}") = "Aplikacja", "Aplikacja\Aplikacja.csproj", "{79E0854B-A60A-4807-BB84-499C797F277F}"
EndProject
Global
	GlobalSection(SolutionConfigurationPlatforms) = preSolution
		Debug|Any CPU = Debug|Any CPU
		Release|Any CPU = Release|Any CPU
	EndGlobalSection
	GlobalSection(ProjectConfigurationPlatforms) = postSolution
		{8BDEF772-3C52-43EB-BBD4-17B09334870B}.Debug|Any CPU.ActiveCfg = Debug|Any CPU
		{8BDEF772-3C52-43EB-BBD4-17B09334870B}.Debug|Any CPU.Build.0 = Debug|Any CPU
		{8BDEF772-3C52-43EB-BBD4-17B09334870B}.Release|Any CPU.ActiveCfg = Release|Any CPU
		{8BDEF772-3C52-43EB-BBD4-17B09334870B}.Release|Any CPU.Build.0 = Release|Any CPU
		{297B71AC-9329-4666-8497-C60355671A39}.Debug|Any CPU.ActiveCfg = Debug|Any CPU
		{297B71AC-9329-4666-8497-C60355671A39}.Debug|Any CPU.Build.0 = Debug|Any CPU
		{297B71AC-9329-4666-8497-C60355671A39}.Release|Any CPU.ActiveCfg = Release|Any CPU
		{297B71AC-9329-4666-8497-C60355671A39}.Release|Any CPU.Build.0 = Release|Any CPU
		{79E0854B-A60A-4807-BB84-499C797F277F}.Debug|Any CPU.ActiveCfg = Debug|Any CPU
		{79E0854B-A60A-4807-BB84-499C797F277F}.Debug|Any CPU.Build.0 = Debug|Any CPU
		{79E0854B-A60A-4807-BB84-499C797F277F}.Release|Any CPU.ActiveCfg = Release|Any CPU
		{79E0854B-A60A-4807-BB84-499C797F277F}.Release|Any CPU.Build.0 = Release|Any CPU
	EndGlobalSection
	GlobalSection(SolutionProperties) = preSolution
		HideSolutionNode = FALSE
	EndGlobalSection
	GlobalSection(ExtensibilityGlobals) = postSolution
		SolutionGuid = {A99A0218-556F-4BB2-9A9C-24E7D69377D6}
	EndGlobalSection
EndGlobal
