
Microsoft Visual Studio Solution File, Format Version 12.00
# Visual Studio Version 17
VisualStudioVersion = 17.9.34728.123
MinimumVisualStudioVersion = 10.0.40219.1
Project("{FAE04EC0-301F-11D3-BF4B-00C04F79EFBC}") = "Blazor_app", "Blazor_app.csproj", "{C6011AE9-20B2-44DE-AD5B-70271C49EC69}"
EndProject
Global
	GlobalSection(SolutionConfigurationPlatforms) = preSolution
		Debug|Any CPU = Debug|Any CPU
		Release|Any CPU = Release|Any CPU
	EndGlobalSection
	GlobalSection(ProjectConfigurationPlatforms) = postSolution
		{C6011AE9-20B2-44DE-AD5B-70271C49EC69}.Debug|Any CPU.ActiveCfg = Debug|Any CPU
		{C6011AE9-20B2-44DE-AD5B-70271C49EC69}.Debug|Any CPU.Build.0 = Debug|Any CPU
		{C6011AE9-20B2-44DE-AD5B-70271C49EC69}.Release|Any CPU.ActiveCfg = Release|Any CPU
		{C6011AE9-20B2-44DE-AD5B-70271C49EC69}.Release|Any CPU.Build.0 = Release|Any CPU
	EndGlobalSection
	GlobalSection(SolutionProperties) = preSolution
		HideSolutionNode = FALSE
	EndGlobalSection
	GlobalSection(ExtensibilityGlobals) = postSolution
		SolutionGuid = {F897F459-3CA0-4B99-9625-4B16D5F201D6}
	EndGlobalSection
EndGlobal
